// !$*UTF8*$!
{
	archiveVersion = 1;
	classes = {
	};
	objectVersion = 55;
	objects = {

/* Begin PBXBuildFile section */
		65F659E62990D9B2005B3743 /* AppDelegate.swift in Sources */ = {isa = PBXBuildFile; fileRef = 65F659E52990D9B2005B3743 /* AppDelegate.swift */; };
		65F659E82990D9B2005B3743 /* SceneDelegate.swift in Sources */ = {isa = PBXBuildFile; fileRef = 65F659E72990D9B2005B3743 /* SceneDelegate.swift */; };
		65F659EA2990D9B2005B3743 /* PostListViewController.swift in Sources */ = {isa = PBXBuildFile; fileRef = 65F659E92990D9B2005B3743 /* PostListViewController.swift */; };
		65F659ED2990D9B3005B3743 /* Main.storyboard in Resources */ = {isa = PBXBuildFile; fileRef = 65F659EB2990D9B3005B3743 /* Main.storyboard */; };
		65F659EF2990D9B4005B3743 /* Assets.xcassets in Resources */ = {isa = PBXBuildFile; fileRef = 65F659EE2990D9B4005B3743 /* Assets.xcassets */; };
		65F659F22990D9B4005B3743 /* LaunchScreen.storyboard in Resources */ = {isa = PBXBuildFile; fileRef = 65F659F02990D9B4005B3743 /* LaunchScreen.storyboard */; };
		65F659FC2990DC70005B3743 /* PostTableViewCell.swift in Sources */ = {isa = PBXBuildFile; fileRef = 65F659FA2990DC70005B3743 /* PostTableViewCell.swift */; };
		65F659FD2990DC70005B3743 /* PostTableViewCell.xib in Resources */ = {isa = PBXBuildFile; fileRef = 65F659FB2990DC70005B3743 /* PostTableViewCell.xib */; };
		65F65A002990E06F005B3743 /* Post.swift in Sources */ = {isa = PBXBuildFile; fileRef = 65F659FF2990E06F005B3743 /* Post.swift */; };
		65F65A032990E1F2005B3743 /* APIManger.swift in Sources */ = {isa = PBXBuildFile; fileRef = 65F65A022990E1F2005B3743 /* APIManger.swift */; };
		65F65A052990E233005B3743 /* Environment.swift in Sources */ = {isa = PBXBuildFile; fileRef = 65F65A042990E233005B3743 /* Environment.swift */; };
		65F65A072990E2EE005B3743 /* Router.swift in Sources */ = {isa = PBXBuildFile; fileRef = 65F65A062990E2EE005B3743 /* Router.swift */; };
		65F65A0A2990E936005B3743 /* PostListViewModel.swift in Sources */ = {isa = PBXBuildFile; fileRef = 65F65A092990E936005B3743 /* PostListViewModel.swift */; };
		65F65A0C2990ED60005B3743 /* BaseViewController.swift in Sources */ = {isa = PBXBuildFile; fileRef = 65F65A0B2990ED60005B3743 /* BaseViewController.swift */; };
		82BFE466D92D057AC77723A9 /* Pods_builderTest.framework in Frameworks */ = {isa = PBXBuildFile; fileRef = 02125897887BFB2B01ED37E9 /* Pods_builderTest.framework */; };
/* End PBXBuildFile section */

/* Begin PBXFileReference section */
		02125897887BFB2B01ED37E9 /* Pods_builderTest.framework */ = {isa = PBXFileReference; explicitFileType = wrapper.framework; includeInIndex = 0; path = Pods_builderTest.framework; sourceTree = BUILT_PRODUCTS_DIR; };
		34E6682485969D8342ED538A /* Pods-builderTest.debug.xcconfig */ = {isa = PBXFileReference; includeInIndex = 1; lastKnownFileType = text.xcconfig; name = "Pods-builderTest.debug.xcconfig"; path = "Target Support Files/Pods-builderTest/Pods-builderTest.debug.xcconfig"; sourceTree = "<group>"; };
		65F659E22990D9B2005B3743 /* builderTest.app */ = {isa = PBXFileReference; explicitFileType = wrapper.application; includeInIndex = 0; path = builderTest.app; sourceTree = BUILT_PRODUCTS_DIR; };
		65F659E52990D9B2005B3743 /* AppDelegate.swift */ = {isa = PBXFileReference; lastKnownFileType = sourcecode.swift; path = AppDelegate.swift; sourceTree = "<group>"; };
		65F659E72990D9B2005B3743 /* SceneDelegate.swift */ = {isa = PBXFileReference; lastKnownFileType = sourcecode.swift; path = SceneDelegate.swift; sourceTree = "<group>"; };
		65F659E92990D9B2005B3743 /* PostListViewController.swift */ = {isa = PBXFileReference; lastKnownFileType = sourcecode.swift; path = PostListViewController.swift; sourceTree = "<group>"; };
		65F659EC2990D9B3005B3743 /* Base */ = {isa = PBXFileReference; lastKnownFileType = file.storyboard; name = Base; path = Base.lproj/Main.storyboard; sourceTree = "<group>"; };
		65F659EE2990D9B4005B3743 /* Assets.xcassets */ = {isa = PBXFileReference; lastKnownFileType = folder.assetcatalog; path = Assets.xcassets; sourceTree = "<group>"; };
		65F659F12990D9B4005B3743 /* Base */ = {isa = PBXFileReference; lastKnownFileType = file.storyboard; name = Base; path = Base.lproj/LaunchScreen.storyboard; sourceTree = "<group>"; };
		65F659F32990D9B4005B3743 /* Info.plist */ = {isa = PBXFileReference; lastKnownFileType = text.plist.xml; path = Info.plist; sourceTree = "<group>"; };
		65F659FA2990DC70005B3743 /* PostTableViewCell.swift */ = {isa = PBXFileReference; lastKnownFileType = sourcecode.swift; path = PostTableViewCell.swift; sourceTree = "<group>"; };
		65F659FB2990DC70005B3743 /* PostTableViewCell.xib */ = {isa = PBXFileReference; lastKnownFileType = file.xib; path = PostTableViewCell.xib; sourceTree = "<group>"; };
		65F659FF2990E06F005B3743 /* Post.swift */ = {isa = PBXFileReference; lastKnownFileType = sourcecode.swift; path = Post.swift; sourceTree = "<group>"; };
		65F65A022990E1F2005B3743 /* APIManger.swift */ = {isa = PBXFileReference; lastKnownFileType = sourcecode.swift; path = APIManger.swift; sourceTree = "<group>"; };
		65F65A042990E233005B3743 /* Environment.swift */ = {isa = PBXFileReference; lastKnownFileType = sourcecode.swift; path = Environment.swift; sourceTree = "<group>"; };
		65F65A062990E2EE005B3743 /* Router.swift */ = {isa = PBXFileReference; lastKnownFileType = sourcecode.swift; path = Router.swift; sourceTree = "<group>"; };
		65F65A092990E936005B3743 /* PostListViewModel.swift */ = {isa = PBXFileReference; lastKnownFileType = sourcecode.swift; path = PostListViewModel.swift; sourceTree = "<group>"; };
		65F65A0B2990ED60005B3743 /* BaseViewController.swift */ = {isa = PBXFileReference; lastKnownFileType = sourcecode.swift; path = BaseViewController.swift; sourceTree = "<group>"; };
		9760BA0912468F2152F58E16 /* Pods-builderTest.release.xcconfig */ = {isa = PBXFileReference; includeInIndex = 1; lastKnownFileType = text.xcconfig; name = "Pods-builderTest.release.xcconfig"; path = "Target Support Files/Pods-builderTest/Pods-builderTest.release.xcconfig"; sourceTree = "<group>"; };
/* End PBXFileReference section */

/* Begin PBXFrameworksBuildPhase section */
		65F659DF2990D9B2005B3743 /* Frameworks */ = {
			isa = PBXFrameworksBuildPhase;
			buildActionMask = 2147483647;
			files = (
				82BFE466D92D057AC77723A9 /* Pods_builderTest.framework in Frameworks */,
			);
			runOnlyForDeploymentPostprocessing = 0;
		};
/* End PBXFrameworksBuildPhase section */

/* Begin PBXGroup section */
		1142FB4ED2EBA10AB76F5B2B /* Frameworks */ = {
			isa = PBXGroup;
			children = (
				02125897887BFB2B01ED37E9 /* Pods_builderTest.framework */,
			);
			name = Frameworks;
			sourceTree = "<group>";
		};
		327F78647B66DE13C68E3D1A /* Pods */ = {
			isa = PBXGroup;
			children = (
				34E6682485969D8342ED538A /* Pods-builderTest.debug.xcconfig */,
				9760BA0912468F2152F58E16 /* Pods-builderTest.release.xcconfig */,
			);
			path = Pods;
			sourceTree = "<group>";
		};
		65F659D92990D9B2005B3743 = {
			isa = PBXGroup;
			children = (
				65F659E42990D9B2005B3743 /* builderTest */,
				65F659E32990D9B2005B3743 /* Products */,
				327F78647B66DE13C68E3D1A /* Pods */,
				1142FB4ED2EBA10AB76F5B2B /* Frameworks */,
			);
			sourceTree = "<group>";
		};
		65F659E32990D9B2005B3743 /* Products */ = {
			isa = PBXGroup;
			children = (
				65F659E22990D9B2005B3743 /* builderTest.app */,
			);
			name = Products;
			sourceTree = "<group>";
		};
		65F659E42990D9B2005B3743 /* builderTest */ = {
			isa = PBXGroup;
			children = (
				65F65A082990E8FB005B3743 /* ViewController */,
				65F65A012990E1DF005B3743 /* Helper */,
				65F659FE2990E061005B3743 /* Model */,
				65F659F92990DC50005B3743 /* PostTableViewCell */,
				65F659E52990D9B2005B3743 /* AppDelegate.swift */,
				65F659E72990D9B2005B3743 /* SceneDelegate.swift */,
				65F659EB2990D9B3005B3743 /* Main.storyboard */,
				65F659EE2990D9B4005B3743 /* Assets.xcassets */,
				65F659F02990D9B4005B3743 /* LaunchScreen.storyboard */,
				65F659F32990D9B4005B3743 /* Info.plist */,
			);
			path = builderTest;
			sourceTree = "<group>";
		};
		65F659F92990DC50005B3743 /* PostTableViewCell */ = {
			isa = PBXGroup;
			children = (
				65F659FA2990DC70005B3743 /* PostTableViewCell.swift */,
				65F659FB2990DC70005B3743 /* PostTableViewCell.xib */,
			);
			path = PostTableViewCell;
			sourceTree = "<group>";
		};
		65F659FE2990E061005B3743 /* Model */ = {
			isa = PBXGroup;
			children = (
				65F659FF2990E06F005B3743 /* Post.swift */,
			);
			path = Model;
			sourceTree = "<group>";
		};
		65F65A012990E1DF005B3743 /* Helper */ = {
			isa = PBXGroup;
			children = (
				65F65A022990E1F2005B3743 /* APIManger.swift */,
				65F65A042990E233005B3743 /* Environment.swift */,
				65F65A062990E2EE005B3743 /* Router.swift */,
			);
			path = Helper;
			sourceTree = "<group>";
		};
		65F65A082990E8FB005B3743 /* ViewController */ = {
			isa = PBXGroup;
			children = (
				65F65A0B2990ED60005B3743 /* BaseViewController.swift */,
				65F659E92990D9B2005B3743 /* PostListViewController.swift */,
				65F65A092990E936005B3743 /* PostListViewModel.swift */,
			);
			path = ViewController;
			sourceTree = "<group>";
		};
/* End PBXGroup section */

/* Begin PBXNativeTarget section */
		65F659E12990D9B2005B3743 /* builderTest */ = {
			isa = PBXNativeTarget;
			buildConfigurationList = 65F659F62990D9B4005B3743 /* Build configuration list for PBXNativeTarget "builderTest" */;
			buildPhases = (
				A2FBEF5AE1B9EC10DBA305F2 /* [CP] Check Pods Manifest.lock */,
				65F659DE2990D9B2005B3743 /* Sources */,
				65F659DF2990D9B2005B3743 /* Frameworks */,
				65F659E02990D9B2005B3743 /* Resources */,
				4F831230EB58D9BB865A8BC4 /* [CP] Embed Pods Frameworks */,
			);
			buildRules = (
			);
			dependencies = (
			);
			name = builderTest;
			productName = builderTest;
			productReference = 65F659E22990D9B2005B3743 /* builderTest.app */;
			productType = "com.apple.product-type.application";
		};
/* End PBXNativeTarget section */

/* Begin PBXProject section */
		65F659DA2990D9B2005B3743 /* Project object */ = {
			isa = PBXProject;
			attributes = {
				BuildIndependentTargetsInParallel = 1;
				LastSwiftUpdateCheck = 1320;
				LastUpgradeCheck = 1320;
				TargetAttributes = {
					65F659E12990D9B2005B3743 = {
						CreatedOnToolsVersion = 13.2.1;
					};
				};
			};
			buildConfigurationList = 65F659DD2990D9B2005B3743 /* Build configuration list for PBXProject "builderTest" */;
			compatibilityVersion = "Xcode 13.0";
			developmentRegion = en;
			hasScannedForEncodings = 0;
			knownRegions = (
				en,
				Base,
			);
			mainGroup = 65F659D92990D9B2005B3743;
			productRefGroup = 65F659E32990D9B2005B3743 /* Products */;
			projectDirPath = "";
			projectRoot = "";
			targets = (
				65F659E12990D9B2005B3743 /* builderTest */,
			);
		};
/* End PBXProject section */

/* Begin PBXResourcesBuildPhase section */
		65F659E02990D9B2005B3743 /* Resources */ = {
			isa = PBXResourcesBuildPhase;
			buildActionMask = 2147483647;
			files = (
				65F659F22990D9B4005B3743 /* LaunchScreen.storyboard in Resources */,
				65F659EF2990D9B4005B3743 /* Assets.xcassets in Resources */,
				65F659ED2990D9B3005B3743 /* Main.storyboard in Resources */,
				65F659FD2990DC70005B3743 /* PostTableViewCell.xib in Resources */,
			);
			runOnlyForDeploymentPostprocessing = 0;
		};
/* End PBXResourcesBuildPhase section */

/* Begin PBXShellScriptBuildPhase section */
		4F831230EB58D9BB865A8BC4 /* [CP] Embed Pods Frameworks */ = {
			isa = PBXShellScriptBuildPhase;
			buildActionMask = 2147483647;
			files = (
			);
			inputFileListPaths = (
				"${PODS_ROOT}/Target Support Files/Pods-builderTest/Pods-builderTest-frameworks-${CONFIGURATION}-input-files.xcfilelist",
			);
			name = "[CP] Embed Pods Frameworks";
			outputFileListPaths = (
				"${PODS_ROOT}/Target Support Files/Pods-builderTest/Pods-builderTest-frameworks-${CONFIGURATION}-output-files.xcfilelist",
			);
			runOnlyForDeploymentPostprocessing = 0;
			shellPath = /bin/sh;
			shellScript = "\"${PODS_ROOT}/Target Support Files/Pods-builderTest/Pods-builderTest-frameworks.sh\"\n";
			showEnvVarsInLog = 0;
		};
		A2FBEF5AE1B9EC10DBA305F2 /* [CP] Check Pods Manifest.lock */ = {
			isa = PBXShellScriptBuildPhase;
			buildActionMask = 2147483647;
			files = (
			);
			inputFileListPaths = (
			);
			inputPaths = (
				"${PODS_PODFILE_DIR_PATH}/Podfile.lock",
				"${PODS_ROOT}/Manifest.lock",
			);
			name = "[CP] Check Pods Manifest.lock";
			outputFileListPaths = (
			);
			outputPaths = (
				"$(DERIVED_FILE_DIR)/Pods-builderTest-checkManifestLockResult.txt",
			);
			runOnlyForDeploymentPostprocessing = 0;
			shellPath = /bin/sh;
			shellScript = "diff \"${PODS_PODFILE_DIR_PATH}/Podfile.lock\" \"${PODS_ROOT}/Manifest.lock\" > /dev/null\nif [ $? != 0 ] ; then\n    # print error to STDERR\n    echo \"error: The sandbox is not in sync with the Podfile.lock. Run 'pod install' or update your CocoaPods installation.\" >&2\n    exit 1\nfi\n# This output is used by Xcode 'outputs' to avoid re-running this script phase.\necho \"SUCCESS\" > \"${SCRIPT_OUTPUT_FILE_0}\"\n";
			showEnvVarsInLog = 0;
		};
/* End PBXShellScriptBuildPhase section */

/* Begin PBXSourcesBuildPhase section */
		65F659DE2990D9B2005B3743 /* Sources */ = {
			isa = PBXSourcesBuildPhase;
			buildActionMask = 2147483647;
			files = (
				65F65A072990E2EE005B3743 /* Router.swift in Sources */,
				65F65A032990E1F2005B3743 /* APIManger.swift in Sources */,
				65F65A0A2990E936005B3743 /* PostListViewModel.swift in Sources */,
				65F659EA2990D9B2005B3743 /* PostListViewController.swift in Sources */,
				65F659E62990D9B2005B3743 /* AppDelegate.swift in Sources */,
				65F65A0C2990ED60005B3743 /* BaseViewController.swift in Sources */,
				65F65A052990E233005B3743 /* Environment.swift in Sources */,
				65F659E82990D9B2005B3743 /* SceneDelegate.swift in Sources */,
				65F659FC2990DC70005B3743 /* PostTableViewCell.swift in Sources */,
				65F65A002990E06F005B3743 /* Post.swift in Sources */,
			);
			runOnlyForDeploymentPostprocessing = 0;
		};
/* End PBXSourcesBuildPhase section */

/* Begin PBXVariantGroup section */
		65F659EB2990D9B3005B3743 /* Main.storyboard */ = {
			isa = PBXVariantGroup;
			children = (
				65F659EC2990D9B3005B3743 /* Base */,
			);
			name = Main.storyboard;
			sourceTree = "<group>";
		};
		65F659F02990D9B4005B3743 /* LaunchScreen.storyboard */ = {
			isa = PBXVariantGroup;
			children = (
				65F659F12990D9B4005B3743 /* Base */,
			);
			name = LaunchScreen.storyboard;
			sourceTree = "<group>";
		};
/* End PBXVariantGroup section */

/* Begin XCBuildConfiguration section */
		65F659F42990D9B4005B3743 /* Debug */ = {
			isa = XCBuildConfiguration;
			buildSettings = {
				ALWAYS_SEARCH_USER_PATHS = NO;
				CLANG_ANALYZER_NONNULL = YES;
				CLANG_ANALYZER_NUMBER_OBJECT_CONVERSION = YES_AGGRESSIVE;
				CLANG_CXX_LANGUAGE_STANDARD = "gnu++17";
				CLANG_CXX_LIBRARY = "libc++";
				CLANG_ENABLE_MODULES = YES;
				CLANG_ENABLE_OBJC_ARC = YES;
				CLANG_ENABLE_OBJC_WEAK = YES;
				CLANG_WARN_BLOCK_CAPTURE_AUTORELEASING = YES;
				CLANG_WARN_BOOL_CONVERSION = YES;
				CLANG_WARN_COMMA = YES;
				CLANG_WARN_CONSTANT_CONVERSION = YES;
				CLANG_WARN_DEPRECATED_OBJC_IMPLEMENTATIONS = YES;
				CLANG_WARN_DIRECT_OBJC_ISA_USAGE = YES_ERROR;
				CLANG_WARN_DOCUMENTATION_COMMENTS = YES;
				CLANG_WARN_EMPTY_BODY = YES;
				CLANG_WARN_ENUM_CONVERSION = YES;
				CLANG_WARN_INFINITE_RECURSION = YES;
				CLANG_WARN_INT_CONVERSION = YES;
				CLANG_WARN_NON_LITERAL_NULL_CONVERSION = YES;
				CLANG_WARN_OBJC_IMPLICIT_RETAIN_SELF = YES;
				CLANG_WARN_OBJC_LITERAL_CONVERSION = YES;
				CLANG_WARN_OBJC_ROOT_CLASS = YES_ERROR;
				CLANG_WARN_QUOTED_INCLUDE_IN_FRAMEWORK_HEADER = YES;
				CLANG_WARN_RANGE_LOOP_ANALYSIS = YES;
				CLANG_WARN_STRICT_PROTOTYPES = YES;
				CLANG_WARN_SUSPICIOUS_MOVE = YES;
				CLANG_WARN_UNGUARDED_AVAILABILITY = YES_AGGRESSIVE;
				CLANG_WARN_UNREACHABLE_CODE = YES;
				CLANG_WARN__DUPLICATE_METHOD_MATCH = YES;
				COPY_PHASE_STRIP = NO;
				DEBUG_INFORMATION_FORMAT = dwarf;
				ENABLE_STRICT_OBJC_MSGSEND = YES;
				ENABLE_TESTABILITY = YES;
				GCC_C_LANGUAGE_STANDARD = gnu11;
				GCC_DYNAMIC_NO_PIC = NO;
				GCC_NO_COMMON_BLOCKS = YES;
				GCC_OPTIMIZATION_LEVEL = 0;
				GCC_PREPROCESSOR_DEFINITIONS = (
					"DEBUG=1",
					"$(inherited)",
				);
				GCC_WARN_64_TO_32_BIT_CONVERSION = YES;
				GCC_WARN_ABOUT_RETURN_TYPE = YES_ERROR;
				GCC_WARN_UNDECLARED_SELECTOR = YES;
				GCC_WARN_UNINITIALIZED_AUTOS = YES_AGGRESSIVE;
				GCC_WARN_UNUSED_FUNCTION = YES;
				GCC_WARN_UNUSED_VARIABLE = YES;
				IPHONEOS_DEPLOYMENT_TARGET = 15.2;
				MTL_ENABLE_DEBUG_INFO = INCLUDE_SOURCE;
				MTL_FAST_MATH = YES;
				ONLY_ACTIVE_ARCH = YES;
				SDKROOT = iphoneos;
				SWIFT_ACTIVE_COMPILATION_CONDITIONS = DEBUG;
				SWIFT_OPTIMIZATION_LEVEL = "-Onone";
			};
			name = Debug;
		};
		65F659F52990D9B4005B3743 /* Release */ = {
			isa = XCBuildConfiguration;
			buildSettings = {
				ALWAYS_SEARCH_USER_PATHS = NO;
				CLANG_ANALYZER_NONNULL = YES;
				CLANG_ANALYZER_NUMBER_OBJECT_CONVERSION = YES_AGGRESSIVE;
				CLANG_CXX_LANGUAGE_STANDARD = "gnu++17";
				CLANG_CXX_LIBRARY = "libc++";
				CLANG_ENABLE_MODULES = YES;
				CLANG_ENABLE_OBJC_ARC = YES;
				CLANG_ENABLE_OBJC_WEAK = YES;
				CLANG_WARN_BLOCK_CAPTURE_AUTORELEASING = YES;
				CLANG_WARN_BOOL_CONVERSION = YES;
				CLANG_WARN_COMMA = YES;
				CLANG_WARN_CONSTANT_CONVERSION = YES;
				CLANG_WARN_DEPRECATED_OBJC_IMPLEMENTATIONS = YES;
				CLANG_WARN_DIRECT_OBJC_ISA_USAGE = YES_ERROR;
				CLANG_WARN_DOCUMENTATION_COMMENTS = YES;
				CLANG_WARN_EMPTY_BODY = YES;
				CLANG_WARN_ENUM_CONVERSION = YES;
				CLANG_WARN_INFINITE_RECURSION = YES;
				CLANG_WARN_INT_CONVERSION = YES;
				CLANG_WARN_NON_LITERAL_NULL_CONVERSION = YES;
				CLANG_WARN_OBJC_IMPLICIT_RETAIN_SELF = YES;
				CLANG_WARN_OBJC_LITERAL_CONVERSION = YES;
				CLANG_WARN_OBJC_ROOT_CLASS = YES_ERROR;
				CLANG_WARN_QUOTED_INCLUDE_IN_FRAMEWORK_HEADER = YES;
				CLANG_WARN_RANGE_LOOP_ANALYSIS = YES;
				CLANG_WARN_STRICT_PROTOTYPES = YES;
				CLANG_WARN_SUSPICIOUS_MOVE = YES;
				CLANG_WARN_UNGUARDED_AVAILABILITY = YES_AGGRESSIVE;
				CLANG_WARN_UNREACHABLE_CODE = YES;
				CLANG_WARN__DUPLICATE_METHOD_MATCH = YES;
				COPY_PHASE_STRIP = NO;
				DEBUG_INFORMATION_FORMAT = "dwarf-with-dsym";
				ENABLE_NS_ASSERTIONS = NO;
				ENABLE_STRICT_OBJC_MSGSEND = YES;
				GCC_C_LANGUAGE_STANDARD = gnu11;
				GCC_NO_COMMON_BLOCKS = YES;
				GCC_WARN_64_TO_32_BIT_CONVERSION = YES;
				GCC_WARN_ABOUT_RETURN_TYPE = YES_ERROR;
				GCC_WARN_UNDECLARED_SELECTOR = YES;
				GCC_WARN_UNINITIALIZED_AUTOS = YES_AGGRESSIVE;
				GCC_WARN_UNUSED_FUNCTION = YES;
				GCC_WARN_UNUSED_VARIABLE = YES;
				IPHONEOS_DEPLOYMENT_TARGET = 15.2;
				MTL_ENABLE_DEBUG_INFO = NO;
				MTL_FAST_MATH = YES;
				SDKROOT = iphoneos;
				SWIFT_COMPILATION_MODE = wholemodule;
				SWIFT_OPTIMIZATION_LEVEL = "-O";
				VALIDATE_PRODUCT = YES;
			};
			name = Release;
		};
		65F659F72990D9B4005B3743 /* Debug */ = {
			isa = XCBuildConfiguration;
			baseConfigurationReference = 34E6682485969D8342ED538A /* Pods-builderTest.debug.xcconfig */;
			buildSettings = {
				ASSETCATALOG_COMPILER_APPICON_NAME = AppIcon;
				ASSETCATALOG_COMPILER_GLOBAL_ACCENT_COLOR_NAME = AccentColor;
				CODE_SIGN_STYLE = Automatic;
				CURRENT_PROJECT_VERSION = 1;
				GENERATE_INFOPLIST_FILE = YES;
				INFOPLIST_FILE = builderTest/Info.plist;
				INFOPLIST_KEY_UIApplicationSupportsIndirectInputEvents = YES;
				INFOPLIST_KEY_UILaunchStoryboardName = LaunchScreen;
				INFOPLIST_KEY_UIMainStoryboardFile = Main;
				INFOPLIST_KEY_UISupportedInterfaceOrientations_iPad = "UIInterfaceOrientationPortrait UIInterfaceOrientationPortraitUpsideDown UIInterfaceOrientationLandscapeLeft UIInterfaceOrientationLandscapeRight";
				INFOPLIST_KEY_UISupportedInterfaceOrientations_iPhone = "UIInterfaceOrientationPortrait UIInterfaceOrientationLandscapeLeft UIInterfaceOrientationLandscapeRight";
				LD_RUNPATH_SEARCH_PATHS = (
					"$(inherited)",
					"@executable_path/Frameworks",
				);
				MARKETING_VERSION = 1.0;
				PRODUCT_BUNDLE_IDENTIFIER = com.tatva.builderTest;
				PRODUCT_NAME = "$(TARGET_NAME)";
				SWIFT_EMIT_LOC_STRINGS = YES;
				SWIFT_VERSION = 5.0;
				TARGETED_DEVICE_FAMILY = "1,2";
			};
			name = Debug;
		};
		65F659F82990D9B4005B3743 /* Release */ = {
			isa = XCBuildConfiguration;
			baseConfigurationReference = 9760BA0912468F2152F58E16 /* Pods-builderTest.release.xcconfig */;
			buildSettings = {
				ASSETCATALOG_COMPILER_APPICON_NAME = AppIcon;
				ASSETCATALOG_COMPILER_GLOBAL_ACCENT_COLOR_NAME = AccentColor;
				CODE_SIGN_STYLE = Automatic;
				CURRENT_PROJECT_VERSION = 1;
				GENERATE_INFOPLIST_FILE = YES;
				INFOPLIST_FILE = builderTest/Info.plist;
				INFOPLIST_KEY_UIApplicationSupportsIndirectInputEvents = YES;
				INFOPLIST_KEY_UILaunchStoryboardName = LaunchScreen;
				INFOPLIST_KEY_UIMainStoryboardFile = Main;
				INFOPLIST_KEY_UISupportedInterfaceOrientations_iPad = "UIInterfaceOrientationPortrait UIInterfaceOrientationPortraitUpsideDown UIInterfaceOrientationLandscapeLeft UIInterfaceOrientationLandscapeRight";
				INFOPLIST_KEY_UISupportedInterfaceOrientations_iPhone = "UIInterfaceOrientationPortrait UIInterfaceOrientationLandscapeLeft UIInterfaceOrientationLandscapeRight";
				LD_RUNPATH_SEARCH_PATHS = (
					"$(inherited)",
					"@executable_path/Frameworks",
				);
				MARKETING_VERSION = 1.0;
				PRODUCT_BUNDLE_IDENTIFIER = com.tatva.builderTest;
				PRODUCT_NAME = "$(TARGET_NAME)";
				SWIFT_EMIT_LOC_STRINGS = YES;
				SWIFT_VERSION = 5.0;
				TARGETED_DEVICE_FAMILY = "1,2";
			};
			name = Release;
		};
/* End XCBuildConfiguration section */

/* Begin XCConfigurationList section */
		65F659DD2990D9B2005B3743 /* Build configuration list for PBXProject "builderTest" */ = {
			isa = XCConfigurationList;
			buildConfigurations = (
				65F659F42990D9B4005B3743 /* Debug */,
				65F659F52990D9B4005B3743 /* Release */,
			);
			defaultConfigurationIsVisible = 0;
			defaultConfigurationName = Release;
		};
		65F659F62990D9B4005B3743 /* Build configuration list for PBXNativeTarget "builderTest" */ = {
			isa = XCConfigurationList;
			buildConfigurations = (
				65F659F72990D9B4005B3743 /* Debug */,
				65F659F82990D9B4005B3743 /* Release */,
			);
			defaultConfigurationIsVisible = 0;
			defaultConfigurationName = Release;
		};
/* End XCConfigurationList section */
	};
	rootObject = 65F659DA2990D9B2005B3743 /* Project object */;
}
